
Microsoft Visual Studio Solution File, Format Version 12.00
# Visual Studio Version 17
VisualStudioVersion = 17.5.002.0
MinimumVisualStudioVersion = 10.0.40219.1
Project("{2150E333-8FDC-42A3-9474-1A3956D46DE8}") = "SylowSol", "SylowSol", "{A733F935-AD03-4F8A-A5F0-E83F4C4A035C}"
EndProject
Project("{2150E333-8FDC-42A3-9474-1A3956D46DE8}") = "BackendAPI", "BackendAPI", "{F2609ADF-7222-4026-941C-5AAABA8CBA72}"
EndProject
Project("{9A19103F-16F7-4668-BE54-9A1E7A4F7556}") = "SSdbAPI", "SylowSol\BackendAPI\SSdbAPI\SSdbAPI.csproj", "{0CE3035D-3209-48EB-882F-4278B3B9AD52}"
EndProject
Global
	GlobalSection(SolutionConfigurationPlatforms) = preSolution
		Debug|Any CPU = Debug|Any CPU
		Release|Any CPU = Release|Any CPU
	EndGlobalSection
	GlobalSection(ProjectConfigurationPlatforms) = postSolution
		{0CE3035D-3209-48EB-882F-4278B3B9AD52}.Debug|Any CPU.ActiveCfg = Debug|Any CPU
		{0CE3035D-3209-48EB-882F-4278B3B9AD52}.Debug|Any CPU.Build.0 = Debug|Any CPU
		{0CE3035D-3209-48EB-882F-4278B3B9AD52}.Release|Any CPU.ActiveCfg = Release|Any CPU
		{0CE3035D-3209-48EB-882F-4278B3B9AD52}.Release|Any CPU.Build.0 = Release|Any CPU
	EndGlobalSection
	GlobalSection(SolutionProperties) = preSolution
		HideSolutionNode = FALSE
	EndGlobalSection
	GlobalSection(NestedProjects) = preSolution
		{F2609ADF-7222-4026-941C-5AAABA8CBA72} = {A733F935-AD03-4F8A-A5F0-E83F4C4A035C}
		{0CE3035D-3209-48EB-882F-4278B3B9AD52} = {F2609ADF-7222-4026-941C-5AAABA8CBA72}
	EndGlobalSection
	GlobalSection(ExtensibilityGlobals) = postSolution
		SolutionGuid = {623EBA8D-66E0-4B3B-B29E-C6AF62E35029}
	EndGlobalSection
EndGlobal
